
Microsoft Visual Studio Solution File, Format Version 12.00
# Visual Studio Version 17
VisualStudioVersion = 17.4.33205.214
MinimumVisualStudioVersion = 10.0.40219.1
Project("{9A19103F-16F7-4668-BE54-9A1E7A4F7556}") = "NetCorePro", "NetCorePro\NetCorePro.csproj", "{F7B44164-D594-4FD1-98F3-3F021D36F59C}"
EndProject
Project("{9A19103F-16F7-4668-BE54-9A1E7A4F7556}") = "NetCore.Models", "NetCore.Models\NetCore.Models.csproj", "{BA1E4F5D-4976-424A-A6FA-99EC7E783D46}"
EndProject
Project("{9A19103F-16F7-4668-BE54-9A1E7A4F7556}") = "NetCore.DAL", "NetCore.DAL\NetCore.DAL.csproj", "{401A63DD-FAE0-4D52-B360-63EB5AB08545}"
EndProject
Project("{9A19103F-16F7-4668-BE54-9A1E7A4F7556}") = "Netcore.IDAL", "Netcore.IDAL\Netcore.IDAL.csproj", "{E9A5475E-1233-42A2-9F33-D8B08201C45C}"
EndProject
Project("{9A19103F-16F7-4668-BE54-9A1E7A4F7556}") = "Netcore.ORM", "Netcore.ORM\Netcore.ORM.csproj", "{66286CC4-8E34-4815-A826-4F8D162FAA03}"
EndProject
Project("{9A19103F-16F7-4668-BE54-9A1E7A4F7556}") = "Netcore.Utils", "Netcore.Utils\Netcore.Utils.csproj", "{1BBD4E1A-721A-4AE8-B81C-B244E506BD54}"
EndProject
Global
	GlobalSection(SolutionConfigurationPlatforms) = preSolution
		Debug|Any CPU = Debug|Any CPU
		Release|Any CPU = Release|Any CPU
	EndGlobalSection
	GlobalSection(ProjectConfigurationPlatforms) = postSolution
		{F7B44164-D594-4FD1-98F3-3F021D36F59C}.Debug|Any CPU.ActiveCfg = Debug|Any CPU
		{F7B44164-D594-4FD1-98F3-3F021D36F59C}.Debug|Any CPU.Build.0 = Debug|Any CPU
		{F7B44164-D594-4FD1-98F3-3F021D36F59C}.Release|Any CPU.ActiveCfg = Release|Any CPU
		{F7B44164-D594-4FD1-98F3-3F021D36F59C}.Release|Any CPU.Build.0 = Release|Any CPU
		{BA1E4F5D-4976-424A-A6FA-99EC7E783D46}.Debug|Any CPU.ActiveCfg = Debug|Any CPU
		{BA1E4F5D-4976-424A-A6FA-99EC7E783D46}.Debug|Any CPU.Build.0 = Debug|Any CPU
		{BA1E4F5D-4976-424A-A6FA-99EC7E783D46}.Release|Any CPU.ActiveCfg = Release|Any CPU
		{BA1E4F5D-4976-424A-A6FA-99EC7E783D46}.Release|Any CPU.Build.0 = Release|Any CPU
		{401A63DD-FAE0-4D52-B360-63EB5AB08545}.Debug|Any CPU.ActiveCfg = Debug|Any CPU
		{401A63DD-FAE0-4D52-B360-63EB5AB08545}.Debug|Any CPU.Build.0 = Debug|Any CPU
		{401A63DD-FAE0-4D52-B360-63EB5AB08545}.Release|Any CPU.ActiveCfg = Release|Any CPU
		{401A63DD-FAE0-4D52-B360-63EB5AB08545}.Release|Any CPU.Build.0 = Release|Any CPU
		{E9A5475E-1233-42A2-9F33-D8B08201C45C}.Debug|Any CPU.ActiveCfg = Debug|Any CPU
		{E9A5475E-1233-42A2-9F33-D8B08201C45C}.Debug|Any CPU.Build.0 = Debug|Any CPU
		{E9A5475E-1233-42A2-9F33-D8B08201C45C}.Release|Any CPU.ActiveCfg = Release|Any CPU
		{E9A5475E-1233-42A2-9F33-D8B08201C45C}.Release|Any CPU.Build.0 = Release|Any CPU
		{66286CC4-8E34-4815-A826-4F8D162FAA03}.Debug|Any CPU.ActiveCfg = Debug|Any CPU
		{66286CC4-8E34-4815-A826-4F8D162FAA03}.Debug|Any CPU.Build.0 = Debug|Any CPU
		{66286CC4-8E34-4815-A826-4F8D162FAA03}.Release|Any CPU.ActiveCfg = Release|Any CPU
		{66286CC4-8E34-4815-A826-4F8D162FAA03}.Release|Any CPU.Build.0 = Release|Any CPU
		{1BBD4E1A-721A-4AE8-B81C-B244E506BD54}.Debug|Any CPU.ActiveCfg = Debug|Any CPU
		{1BBD4E1A-721A-4AE8-B81C-B244E506BD54}.Debug|Any CPU.Build.0 = Debug|Any CPU
		{1BBD4E1A-721A-4AE8-B81C-B244E506BD54}.Release|Any CPU.ActiveCfg = Release|Any CPU
		{1BBD4E1A-721A-4AE8-B81C-B244E506BD54}.Release|Any CPU.Build.0 = Release|Any CPU
	EndGlobalSection
	GlobalSection(SolutionProperties) = preSolution
		HideSolutionNode = FALSE
	EndGlobalSection
	GlobalSection(ExtensibilityGlobals) = postSolution
		SolutionGuid = {F2C9792A-E197-423F-81E5-F35F2C4B21F7}
	EndGlobalSection
	GlobalSection(TeamFoundationVersionControl) = preSolution
		SccNumberOfProjects = 1
		SccEnterpriseProvider = {4CA58AB2-18FA-4F8D-95D4-32DDF27D184C}
		SccTeamFoundationServer = http://192.168.12.19:8080/tfs/defaultcollection
		SccLocalPath0 = .
	EndGlobalSection
EndGlobal
